{
  "name": "client",
  "version": "1.0.0",
  "lockfileVersion": 2,
  "requires": true,
  "packages": {
    "": {
      "name": "client",
      "version": "1.0.0",
      "license": "ISC",
      "dependencies": {
        "@types/node": "^14.14.16",
        "prostgles-client": "^4.0.7",
        "socket.io-client": "^4.6.1"
      },
      "devDependencies": {
        "typescript": "^5.0.3"
      }
    },
    "node_modules/@socket.io/component-emitter": {
      "version": "3.1.0",
      "resolved": "https://registry.npmjs.org/@socket.io/component-emitter/-/component-emitter-3.1.0.tgz",
      "integrity": "sha512-+9jVqKhRSpsc591z5vX+X5Yyw+he/HCB4iQ/RYxw35CEPaY1gnsNE43nf9n9AaYjAQrTiI/mOwKUKdUs9vf7Xg=="
    },
    "node_modules/@types/node": {
      "version": "14.17.18",
      "resolved": "https://registry.npmjs.org/@types/node/-/node-14.17.18.tgz",
      "integrity": "sha512-haYyibw4pbteEhkSg0xdDLAI3679L75EJ799ymVrPxOA922bPx3ML59SoDsQ//rHlvqpu+e36kcbR3XRQtFblA=="
    },
    "node_modules/debug": {
      "version": "4.3.4",
      "resolved": "https://registry.npmjs.org/debug/-/debug-4.3.4.tgz",
      "integrity": "sha512-PRWFHuSU3eDtQJPvnNY7Jcket1j0t5OuOsFzPPzsekD52Zl8qUfFIPEiswXqIvHWGVHOgX+7G/vCNNhehwxfkQ==",
      "dependencies": {
        "ms": "2.1.2"
      },
      "engines": {
        "node": ">=6.0"
      },
      "peerDependenciesMeta": {
        "supports-color": {
          "optional": true
        }
      }
    },
    "node_modules/engine.io-client": {
      "version": "6.4.0",
      "resolved": "https://registry.npmjs.org/engine.io-client/-/engine.io-client-6.4.0.tgz",
      "integrity": "sha512-GyKPDyoEha+XZ7iEqam49vz6auPnNJ9ZBfy89f+rMMas8AuiMWOZ9PVzu8xb9ZC6rafUqiGHSCfu22ih66E+1g==",
      "dependencies": {
        "@socket.io/component-emitter": "~3.1.0",
        "debug": "~4.3.1",
        "engine.io-parser": "~5.0.3",
        "ws": "~8.11.0",
        "xmlhttprequest-ssl": "~2.0.0"
      }
    },
    "node_modules/engine.io-parser": {
      "version": "5.0.6",
      "resolved": "https://registry.npmjs.org/engine.io-parser/-/engine.io-parser-5.0.6.tgz",
      "integrity": "sha512-tjuoZDMAdEhVnSFleYPCtdL2GXwVTGtNjoeJd9IhIG3C1xs9uwxqRNEu5WpnDZCaozwVlK/nuQhpodhXSIMaxw==",
      "engines": {
        "node": ">=10.0.0"
      }
    },
    "node_modules/json-schema": {
      "version": "0.4.0",
      "resolved": "https://registry.npmjs.org/json-schema/-/json-schema-0.4.0.tgz",
      "integrity": "sha512-es94M3nTIfsEPisRafak+HDLfHXnKBhV3vU5eqPcS3flIWqcxJWgXHXiey3YrpaNsanY5ei1VoYEbOzijuq9BA=="
    },
    "node_modules/ms": {
      "version": "2.1.2",
      "resolved": "https://registry.npmjs.org/ms/-/ms-2.1.2.tgz",
      "integrity": "sha512-sGkPx+VjMtmA6MX27oA4FBFELFCZZ4S4XqeGOXCv68tT+jb3vk/RyaKWP0PTKyWtmLSM0b+adUTEvbs1PEaH2w=="
    },
    "node_modules/prostgles-client": {
      "version": "4.0.7",
      "resolved": "https://registry.npmjs.org/prostgles-client/-/prostgles-client-4.0.7.tgz",
      "integrity": "sha512-hPVsdlK7opUX+3EvjPOssCBcMIyu2Wt8ozG759xCMQRscELs+8OzSW8ALZyE+EtOnHtPtzU3nKPCkJxbuR6U2g==",
      "dependencies": {
        "prostgles-types": "^4.0.9"
      }
    },
    "node_modules/prostgles-types": {
      "version": "4.0.9",
      "resolved": "https://registry.npmjs.org/prostgles-types/-/prostgles-types-4.0.9.tgz",
      "integrity": "sha512-gSLC/qusm59zHow318lBicBIydVVj4OlDIH1sLoTB8u2LsO7PXMiRIOMuAuCY8CEIg1xLZRn2N/G1x98NFc0GA==",
      "dependencies": {
        "json-schema": "^0.4.0"
      }
    },
    "node_modules/socket.io-client": {
      "version": "4.6.1",
      "resolved": "https://registry.npmjs.org/socket.io-client/-/socket.io-client-4.6.1.tgz",
      "integrity": "sha512-5UswCV6hpaRsNg5kkEHVcbBIXEYoVbMQaHJBXJCyEQ+CiFPV1NIOY0XOFWG4XR4GZcB8Kn6AsRs/9cy9TbqVMQ==",
      "dependencies": {
        "@socket.io/component-emitter": "~3.1.0",
        "debug": "~4.3.2",
        "engine.io-client": "~6.4.0",
        "socket.io-parser": "~4.2.1"
      },
      "engines": {
        "node": ">=10.0.0"
      }
    },
    "node_modules/socket.io-parser": {
      "version": "4.2.1",
      "resolved": "https://registry.npmjs.org/socket.io-parser/-/socket.io-parser-4.2.1.tgz",
      "integrity": "sha512-V4GrkLy+HeF1F/en3SpUaM+7XxYXpuMUWLGde1kSSh5nQMN4hLrbPIkD+otwh6q9R6NOQBN4AMaOZ2zVjui82g==",
      "dependencies": {
        "@socket.io/component-emitter": "~3.1.0",
        "debug": "~4.3.1"
      },
      "engines": {
        "node": ">=10.0.0"
      }
    },
    "node_modules/typescript": {
      "version": "5.0.3",
      "resolved": "https://registry.npmjs.org/typescript/-/typescript-5.0.3.tgz",
      "integrity": "sha512-xv8mOEDnigb/tN9PSMTwSEqAnUvkoXMQlicOb0IUVDBSQCgBSaAAROUZYy2IcUy5qU6XajK5jjjO7TMWqBTKZA==",
      "dev": true,
      "bin": {
        "tsc": "bin/tsc",
        "tsserver": "bin/tsserver"
      },
      "engines": {
        "node": ">=12.20"
      }
    },
    "node_modules/ws": {
      "version": "8.11.0",
      "resolved": "https://registry.npmjs.org/ws/-/ws-8.11.0.tgz",
      "integrity": "sha512-HPG3wQd9sNQoT9xHyNCXoDUa+Xw/VevmY9FoHyQ+g+rrMn4j6FB4np7Z0OhdTgjx6MgQLK7jwSy1YecU1+4Asg==",
      "engines": {
        "node": ">=10.0.0"
      },
      "peerDependencies": {
        "bufferutil": "^4.0.1",
        "utf-8-validate": "^5.0.2"
      },
      "peerDependenciesMeta": {
        "bufferutil": {
          "optional": true
        },
        "utf-8-validate": {
          "optional": true
        }
      }
    },
    "node_modules/xmlhttprequest-ssl": {
      "version": "2.0.0",
      "resolved": "https://registry.npmjs.org/xmlhttprequest-ssl/-/xmlhttprequest-ssl-2.0.0.tgz",
      "integrity": "sha512-QKxVRxiRACQcVuQEYFsI1hhkrMlrXHPegbbd1yn9UHOmRxY+si12nQYzri3vbzt8VdTTRviqcKxcyllFas5z2A==",
      "engines": {
        "node": ">=0.4.0"
      }
    }
  },
  "dependencies": {
    "@socket.io/component-emitter": {
      "version": "3.1.0",
      "resolved": "https://registry.npmjs.org/@socket.io/component-emitter/-/component-emitter-3.1.0.tgz",
      "integrity": "sha512-+9jVqKhRSpsc591z5vX+X5Yyw+he/HCB4iQ/RYxw35CEPaY1gnsNE43nf9n9AaYjAQrTiI/mOwKUKdUs9vf7Xg=="
    },
    "@types/node": {
      "version": "14.17.18",
      "resolved": "https://registry.npmjs.org/@types/node/-/node-14.17.18.tgz",
      "integrity": "sha512-haYyibw4pbteEhkSg0xdDLAI3679L75EJ799ymVrPxOA922bPx3ML59SoDsQ//rHlvqpu+e36kcbR3XRQtFblA=="
    },
    "debug": {
      "version": "4.3.4",
      "resolved": "https://registry.npmjs.org/debug/-/debug-4.3.4.tgz",
      "integrity": "sha512-PRWFHuSU3eDtQJPvnNY7Jcket1j0t5OuOsFzPPzsekD52Zl8qUfFIPEiswXqIvHWGVHOgX+7G/vCNNhehwxfkQ==",
      "requires": {
        "ms": "2.1.2"
      }
    },
    "engine.io-client": {
      "version": "6.4.0",
      "resolved": "https://registry.npmjs.org/engine.io-client/-/engine.io-client-6.4.0.tgz",
      "integrity": "sha512-GyKPDyoEha+XZ7iEqam49vz6auPnNJ9ZBfy89f+rMMas8AuiMWOZ9PVzu8xb9ZC6rafUqiGHSCfu22ih66E+1g==",
      "requires": {
        "@socket.io/component-emitter": "~3.1.0",
        "debug": "~4.3.1",
        "engine.io-parser": "~5.0.3",
        "ws": "~8.11.0",
        "xmlhttprequest-ssl": "~2.0.0"
      }
    },
    "engine.io-parser": {
      "version": "5.0.6",
      "resolved": "https://registry.npmjs.org/engine.io-parser/-/engine.io-parser-5.0.6.tgz",
      "integrity": "sha512-tjuoZDMAdEhVnSFleYPCtdL2GXwVTGtNjoeJd9IhIG3C1xs9uwxqRNEu5WpnDZCaozwVlK/nuQhpodhXSIMaxw=="
    },
    "json-schema": {
      "version": "0.4.0",
      "resolved": "https://registry.npmjs.org/json-schema/-/json-schema-0.4.0.tgz",
      "integrity": "sha512-es94M3nTIfsEPisRafak+HDLfHXnKBhV3vU5eqPcS3flIWqcxJWgXHXiey3YrpaNsanY5ei1VoYEbOzijuq9BA=="
    },
    "ms": {
      "version": "2.1.2",
      "resolved": "https://registry.npmjs.org/ms/-/ms-2.1.2.tgz",
      "integrity": "sha512-sGkPx+VjMtmA6MX27oA4FBFELFCZZ4S4XqeGOXCv68tT+jb3vk/RyaKWP0PTKyWtmLSM0b+adUTEvbs1PEaH2w=="
    },
    "prostgles-client": {
      "version": "4.0.7",
      "resolved": "https://registry.npmjs.org/prostgles-client/-/prostgles-client-4.0.7.tgz",
      "integrity": "sha512-hPVsdlK7opUX+3EvjPOssCBcMIyu2Wt8ozG759xCMQRscELs+8OzSW8ALZyE+EtOnHtPtzU3nKPCkJxbuR6U2g==",
      "requires": {
        "prostgles-types": "^4.0.9"
      }
    },
    "prostgles-types": {
      "version": "4.0.9",
      "resolved": "https://registry.npmjs.org/prostgles-types/-/prostgles-types-4.0.9.tgz",
      "integrity": "sha512-gSLC/qusm59zHow318lBicBIydVVj4OlDIH1sLoTB8u2LsO7PXMiRIOMuAuCY8CEIg1xLZRn2N/G1x98NFc0GA==",
      "requires": {
        "json-schema": "^0.4.0"
      }
    },
    "socket.io-client": {
      "version": "4.6.1",
      "resolved": "https://registry.npmjs.org/socket.io-client/-/socket.io-client-4.6.1.tgz",
      "integrity": "sha512-5UswCV6hpaRsNg5kkEHVcbBIXEYoVbMQaHJBXJCyEQ+CiFPV1NIOY0XOFWG4XR4GZcB8Kn6AsRs/9cy9TbqVMQ==",
      "requires": {
        "@socket.io/component-emitter": "~3.1.0",
        "debug": "~4.3.2",
        "engine.io-client": "~6.4.0",
        "socket.io-parser": "~4.2.1"
      }
    },
    "socket.io-parser": {
      "version": "4.2.1",
      "resolved": "https://registry.npmjs.org/socket.io-parser/-/socket.io-parser-4.2.1.tgz",
      "integrity": "sha512-V4GrkLy+HeF1F/en3SpUaM+7XxYXpuMUWLGde1kSSh5nQMN4hLrbPIkD+otwh6q9R6NOQBN4AMaOZ2zVjui82g==",
      "requires": {
        "@socket.io/component-emitter": "~3.1.0",
        "debug": "~4.3.1"
      }
    },
    "typescript": {
      "version": "5.0.3",
      "resolved": "https://registry.npmjs.org/typescript/-/typescript-5.0.3.tgz",
      "integrity": "sha512-xv8mOEDnigb/tN9PSMTwSEqAnUvkoXMQlicOb0IUVDBSQCgBSaAAROUZYy2IcUy5qU6XajK5jjjO7TMWqBTKZA==",
      "dev": true
    },
    "ws": {
      "version": "8.11.0",
      "resolved": "https://registry.npmjs.org/ws/-/ws-8.11.0.tgz",
      "integrity": "sha512-HPG3wQd9sNQoT9xHyNCXoDUa+Xw/VevmY9FoHyQ+g+rrMn4j6FB4np7Z0OhdTgjx6MgQLK7jwSy1YecU1+4Asg==",
      "requires": {}
    },
    "xmlhttprequest-ssl": {
      "version": "2.0.0",
      "resolved": "https://registry.npmjs.org/xmlhttprequest-ssl/-/xmlhttprequest-ssl-2.0.0.tgz",
      "integrity": "sha512-QKxVRxiRACQcVuQEYFsI1hhkrMlrXHPegbbd1yn9UHOmRxY+si12nQYzri3vbzt8VdTTRviqcKxcyllFas5z2A=="
    }
  }
}
