{
  "name": "client",
  "version": "1.0.0",
  "lockfileVersion": 2,
  "requires": true,
  "packages": {
    "": {
      "name": "client",
      "version": "1.0.0",
      "license": "ISC",
      "dependencies": {
        "@types/node": "^14.14.16",
        "prostgles-client": "^4.0.31",
        "socket.io-client": "^4.7.1"
      },
      "devDependencies": {
        "typescript": "^5.0.3"
      }
    },
    "node_modules/@socket.io/component-emitter": {
      "version": "3.1.0",
      "resolved": "https://registry.npmjs.org/@socket.io/component-emitter/-/component-emitter-3.1.0.tgz",
      "integrity": "sha512-+9jVqKhRSpsc591z5vX+X5Yyw+he/HCB4iQ/RYxw35CEPaY1gnsNE43nf9n9AaYjAQrTiI/mOwKUKdUs9vf7Xg=="
    },
    "node_modules/@types/node": {
      "version": "14.17.18",
      "resolved": "https://registry.npmjs.org/@types/node/-/node-14.17.18.tgz",
      "integrity": "sha512-haYyibw4pbteEhkSg0xdDLAI3679L75EJ799ymVrPxOA922bPx3ML59SoDsQ//rHlvqpu+e36kcbR3XRQtFblA=="
    },
    "node_modules/debug": {
      "version": "4.3.4",
      "resolved": "https://registry.npmjs.org/debug/-/debug-4.3.4.tgz",
      "integrity": "sha512-PRWFHuSU3eDtQJPvnNY7Jcket1j0t5OuOsFzPPzsekD52Zl8qUfFIPEiswXqIvHWGVHOgX+7G/vCNNhehwxfkQ==",
      "dependencies": {
        "ms": "2.1.2"
      },
      "engines": {
        "node": ">=6.0"
      },
      "peerDependenciesMeta": {
        "supports-color": {
          "optional": true
        }
      }
    },
    "node_modules/engine.io-client": {
      "version": "6.5.1",
      "resolved": "https://registry.npmjs.org/engine.io-client/-/engine.io-client-6.5.1.tgz",
      "integrity": "sha512-hE5wKXH8Ru4L19MbM1GgYV/2Qo54JSMh1rlJbfpa40bEWkCKNo3ol2eOtGmowcr+ysgbI7+SGL+by42Q3pt/Ng==",
      "dependencies": {
        "@socket.io/component-emitter": "~3.1.0",
        "debug": "~4.3.1",
        "engine.io-parser": "~5.1.0",
        "ws": "~8.11.0",
        "xmlhttprequest-ssl": "~2.0.0"
      }
    },
    "node_modules/engine.io-parser": {
      "version": "5.1.0",
      "resolved": "https://registry.npmjs.org/engine.io-parser/-/engine.io-parser-5.1.0.tgz",
      "integrity": "sha512-enySgNiK5tyZFynt3z7iqBR+Bto9EVVVvDFuTT0ioHCGbzirZVGDGiQjZzEp8hWl6hd5FSVytJGuScX1C1C35w==",
      "engines": {
        "node": ">=10.0.0"
      }
    },
    "node_modules/json-schema": {
      "version": "0.4.0",
      "resolved": "https://registry.npmjs.org/json-schema/-/json-schema-0.4.0.tgz",
      "integrity": "sha512-es94M3nTIfsEPisRafak+HDLfHXnKBhV3vU5eqPcS3flIWqcxJWgXHXiey3YrpaNsanY5ei1VoYEbOzijuq9BA=="
    },
    "node_modules/ms": {
      "version": "2.1.2",
      "resolved": "https://registry.npmjs.org/ms/-/ms-2.1.2.tgz",
      "integrity": "sha512-sGkPx+VjMtmA6MX27oA4FBFELFCZZ4S4XqeGOXCv68tT+jb3vk/RyaKWP0PTKyWtmLSM0b+adUTEvbs1PEaH2w=="
    },
    "node_modules/prostgles-client": {
      "version": "4.0.31",
      "resolved": "https://registry.npmjs.org/prostgles-client/-/prostgles-client-4.0.31.tgz",
      "integrity": "sha512-dZPERs9pPxXP6R16ycr9QA2bGJ1sqOfgGY3CZ4s2kZ7L0UxOmRG5WZ7j1X+gCDgx2y3NC/WwWUT0xXvDhJWP9Q==",
      "dependencies": {
        "prostgles-types": "^4.0.46"
      },
      "peerDependencies": {
        "react": "^16.8.0 || ^17.0.0 || ^18.0.0"
      },
      "peerDependenciesMeta": {
        "react": {
          "optional": true
        }
      }
    },
    "node_modules/prostgles-types": {
      "version": "4.0.46",
      "resolved": "https://registry.npmjs.org/prostgles-types/-/prostgles-types-4.0.46.tgz",
      "integrity": "sha512-IaknTXx19/cMSnUt9h5v6gAgJSy2kRlkRT/vvN4+5trCEN5VffI9MCN+C1R9/S7cRB+pRPILGwrlWpy2TvLlNA==",
      "dependencies": {
        "json-schema": "^0.4.0"
      }
    },
    "node_modules/socket.io-client": {
      "version": "4.7.1",
      "resolved": "https://registry.npmjs.org/socket.io-client/-/socket.io-client-4.7.1.tgz",
      "integrity": "sha512-Qk3Xj8ekbnzKu3faejo4wk2MzXA029XppiXtTF/PkbTg+fcwaTw1PlDrTrrrU4mKoYC4dvlApOnSeyLCKwek2w==",
      "dependencies": {
        "@socket.io/component-emitter": "~3.1.0",
        "debug": "~4.3.2",
        "engine.io-client": "~6.5.1",
        "socket.io-parser": "~4.2.4"
      },
      "engines": {
        "node": ">=10.0.0"
      }
    },
    "node_modules/socket.io-parser": {
      "version": "4.2.4",
      "resolved": "https://registry.npmjs.org/socket.io-parser/-/socket.io-parser-4.2.4.tgz",
      "integrity": "sha512-/GbIKmo8ioc+NIWIhwdecY0ge+qVBSMdgxGygevmdHj24bsfgtCmcUUcQ5ZzcylGFHsN3k4HB4Cgkl96KVnuew==",
      "dependencies": {
        "@socket.io/component-emitter": "~3.1.0",
        "debug": "~4.3.1"
      },
      "engines": {
        "node": ">=10.0.0"
      }
    },
    "node_modules/typescript": {
      "version": "5.0.3",
      "resolved": "https://registry.npmjs.org/typescript/-/typescript-5.0.3.tgz",
      "integrity": "sha512-xv8mOEDnigb/tN9PSMTwSEqAnUvkoXMQlicOb0IUVDBSQCgBSaAAROUZYy2IcUy5qU6XajK5jjjO7TMWqBTKZA==",
      "dev": true,
      "bin": {
        "tsc": "bin/tsc",
        "tsserver": "bin/tsserver"
      },
      "engines": {
        "node": ">=12.20"
      }
    },
    "node_modules/ws": {
      "version": "8.11.0",
      "resolved": "https://registry.npmjs.org/ws/-/ws-8.11.0.tgz",
      "integrity": "sha512-HPG3wQd9sNQoT9xHyNCXoDUa+Xw/VevmY9FoHyQ+g+rrMn4j6FB4np7Z0OhdTgjx6MgQLK7jwSy1YecU1+4Asg==",
      "engines": {
        "node": ">=10.0.0"
      },
      "peerDependencies": {
        "bufferutil": "^4.0.1",
        "utf-8-validate": "^5.0.2"
      },
      "peerDependenciesMeta": {
        "bufferutil": {
          "optional": true
        },
        "utf-8-validate": {
          "optional": true
        }
      }
    },
    "node_modules/xmlhttprequest-ssl": {
      "version": "2.0.0",
      "resolved": "https://registry.npmjs.org/xmlhttprequest-ssl/-/xmlhttprequest-ssl-2.0.0.tgz",
      "integrity": "sha512-QKxVRxiRACQcVuQEYFsI1hhkrMlrXHPegbbd1yn9UHOmRxY+si12nQYzri3vbzt8VdTTRviqcKxcyllFas5z2A==",
      "engines": {
        "node": ">=0.4.0"
      }
    }
  },
  "dependencies": {
    "@socket.io/component-emitter": {
      "version": "3.1.0",
      "resolved": "https://registry.npmjs.org/@socket.io/component-emitter/-/component-emitter-3.1.0.tgz",
      "integrity": "sha512-+9jVqKhRSpsc591z5vX+X5Yyw+he/HCB4iQ/RYxw35CEPaY1gnsNE43nf9n9AaYjAQrTiI/mOwKUKdUs9vf7Xg=="
    },
    "@types/node": {
      "version": "14.17.18",
      "resolved": "https://registry.npmjs.org/@types/node/-/node-14.17.18.tgz",
      "integrity": "sha512-haYyibw4pbteEhkSg0xdDLAI3679L75EJ799ymVrPxOA922bPx3ML59SoDsQ//rHlvqpu+e36kcbR3XRQtFblA=="
    },
    "debug": {
      "version": "4.3.4",
      "resolved": "https://registry.npmjs.org/debug/-/debug-4.3.4.tgz",
      "integrity": "sha512-PRWFHuSU3eDtQJPvnNY7Jcket1j0t5OuOsFzPPzsekD52Zl8qUfFIPEiswXqIvHWGVHOgX+7G/vCNNhehwxfkQ==",
      "requires": {
        "ms": "2.1.2"
      }
    },
    "engine.io-client": {
      "version": "6.5.1",
      "resolved": "https://registry.npmjs.org/engine.io-client/-/engine.io-client-6.5.1.tgz",
      "integrity": "sha512-hE5wKXH8Ru4L19MbM1GgYV/2Qo54JSMh1rlJbfpa40bEWkCKNo3ol2eOtGmowcr+ysgbI7+SGL+by42Q3pt/Ng==",
      "requires": {
        "@socket.io/component-emitter": "~3.1.0",
        "debug": "~4.3.1",
        "engine.io-parser": "~5.1.0",
        "ws": "~8.11.0",
        "xmlhttprequest-ssl": "~2.0.0"
      }
    },
    "engine.io-parser": {
      "version": "5.1.0",
      "resolved": "https://registry.npmjs.org/engine.io-parser/-/engine.io-parser-5.1.0.tgz",
      "integrity": "sha512-enySgNiK5tyZFynt3z7iqBR+Bto9EVVVvDFuTT0ioHCGbzirZVGDGiQjZzEp8hWl6hd5FSVytJGuScX1C1C35w=="
    },
    "json-schema": {
      "version": "0.4.0",
      "resolved": "https://registry.npmjs.org/json-schema/-/json-schema-0.4.0.tgz",
      "integrity": "sha512-es94M3nTIfsEPisRafak+HDLfHXnKBhV3vU5eqPcS3flIWqcxJWgXHXiey3YrpaNsanY5ei1VoYEbOzijuq9BA=="
    },
    "ms": {
      "version": "2.1.2",
      "resolved": "https://registry.npmjs.org/ms/-/ms-2.1.2.tgz",
      "integrity": "sha512-sGkPx+VjMtmA6MX27oA4FBFELFCZZ4S4XqeGOXCv68tT+jb3vk/RyaKWP0PTKyWtmLSM0b+adUTEvbs1PEaH2w=="
    },
    "prostgles-client": {
      "version": "4.0.31",
      "resolved": "https://registry.npmjs.org/prostgles-client/-/prostgles-client-4.0.31.tgz",
      "integrity": "sha512-dZPERs9pPxXP6R16ycr9QA2bGJ1sqOfgGY3CZ4s2kZ7L0UxOmRG5WZ7j1X+gCDgx2y3NC/WwWUT0xXvDhJWP9Q==",
      "requires": {
        "prostgles-types": "^4.0.46"
      }
    },
    "prostgles-types": {
      "version": "4.0.46",
      "resolved": "https://registry.npmjs.org/prostgles-types/-/prostgles-types-4.0.46.tgz",
      "integrity": "sha512-IaknTXx19/cMSnUt9h5v6gAgJSy2kRlkRT/vvN4+5trCEN5VffI9MCN+C1R9/S7cRB+pRPILGwrlWpy2TvLlNA==",
      "requires": {
        "json-schema": "^0.4.0"
      }
    },
    "socket.io-client": {
      "version": "4.7.1",
      "resolved": "https://registry.npmjs.org/socket.io-client/-/socket.io-client-4.7.1.tgz",
      "integrity": "sha512-Qk3Xj8ekbnzKu3faejo4wk2MzXA029XppiXtTF/PkbTg+fcwaTw1PlDrTrrrU4mKoYC4dvlApOnSeyLCKwek2w==",
      "requires": {
        "@socket.io/component-emitter": "~3.1.0",
        "debug": "~4.3.2",
        "engine.io-client": "~6.5.1",
        "socket.io-parser": "~4.2.4"
      }
    },
    "socket.io-parser": {
      "version": "4.2.4",
      "resolved": "https://registry.npmjs.org/socket.io-parser/-/socket.io-parser-4.2.4.tgz",
      "integrity": "sha512-/GbIKmo8ioc+NIWIhwdecY0ge+qVBSMdgxGygevmdHj24bsfgtCmcUUcQ5ZzcylGFHsN3k4HB4Cgkl96KVnuew==",
      "requires": {
        "@socket.io/component-emitter": "~3.1.0",
        "debug": "~4.3.1"
      }
    },
    "typescript": {
      "version": "5.0.3",
      "resolved": "https://registry.npmjs.org/typescript/-/typescript-5.0.3.tgz",
      "integrity": "sha512-xv8mOEDnigb/tN9PSMTwSEqAnUvkoXMQlicOb0IUVDBSQCgBSaAAROUZYy2IcUy5qU6XajK5jjjO7TMWqBTKZA==",
      "dev": true
    },
    "ws": {
      "version": "8.11.0",
      "resolved": "https://registry.npmjs.org/ws/-/ws-8.11.0.tgz",
      "integrity": "sha512-HPG3wQd9sNQoT9xHyNCXoDUa+Xw/VevmY9FoHyQ+g+rrMn4j6FB4np7Z0OhdTgjx6MgQLK7jwSy1YecU1+4Asg==",
      "requires": {}
    },
    "xmlhttprequest-ssl": {
      "version": "2.0.0",
      "resolved": "https://registry.npmjs.org/xmlhttprequest-ssl/-/xmlhttprequest-ssl-2.0.0.tgz",
      "integrity": "sha512-QKxVRxiRACQcVuQEYFsI1hhkrMlrXHPegbbd1yn9UHOmRxY+si12nQYzri3vbzt8VdTTRviqcKxcyllFas5z2A=="
    }
  }
}
