{
  "name": "generate-docs",
  "version": "1.0.0",
  "lockfileVersion": 3,
  "requires": true,
  "packages": {
    "": {
      "name": "generate-docs",
      "version": "1.0.0",
      "license": "ISC",
      "devDependencies": {
        "@types/node": "^20.10.0"
      }
    },
    "..": {
      "name": "prostgles-server",
      "version": "4.2.179",
      "extraneous": true,
      "license": "MIT",
      "dependencies": {
        "@aws-sdk/client-ses": "^3.699.0",
        "@aws-sdk/credential-provider-node": "^3.699.0",
        "@types/passport": "^1.0.17",
        "@types/passport-facebook": "^3.0.3",
        "@types/passport-github2": "^1.2.9",
        "@types/passport-google-oauth20": "^2.0.16",
        "@types/passport-microsoft": "^1.0.3",
        "body-parser": "^1.20.3",
        "check-disk-space": "^3.4.0",
        "file-type": "^18.5.0",
        "nodemailer": "^6.9.16",
        "passport": "^0.7.0",
        "passport-facebook": "^3.0.0",
        "passport-github2": "^0.1.12",
        "passport-google-oauth20": "^2.0.0",
        "passport-microsoft": "^2.1.0",
        "pg": "^8.11.5",
        "pg-cursor": "^2.11.0",
        "pg-promise": "^11.9.1",
        "prostgles-types": "^4.0.115"
      },
      "devDependencies": {
        "@types/express": "^4.17.21",
        "@types/json-schema": "^7.0.15",
        "@types/node": "^22.8.1",
        "@types/nodemailer": "^6.4.17",
        "@types/pg": "^8.11.5",
        "@types/pg-cursor": "^2.7.2",
        "@types/sharp": "^0.30.4",
        "@typescript-eslint/eslint-plugin": "^8.15.0",
        "@typescript-eslint/parser": "^8.15.0",
        "eslint": "^8.51.0",
        "socket.io": "^4.8.1",
        "typescript": "^5.3.3"
      }
    },
    "node_modules/@types/node": {
      "version": "20.17.10",
      "resolved": "https://registry.npmjs.org/@types/node/-/node-20.17.10.tgz",
      "integrity": "sha512-/jrvh5h6NXhEauFFexRin69nA0uHJ5gwk4iDivp/DeoEua3uwCUto6PC86IpRITBOs4+6i2I56K5x5b6WYGXHA==",
      "dev": true,
      "license": "MIT",
      "dependencies": {
        "undici-types": "~6.19.2"
      }
    },
    "node_modules/undici-types": {
      "version": "6.19.8",
      "resolved": "https://registry.npmjs.org/undici-types/-/undici-types-6.19.8.tgz",
      "integrity": "sha512-ve2KP6f/JnbPBFyobGHuerC9g1FYGn/F8n1LWTwNxCEzd6IfqTwUQcNXgEtmmQ6DlRrC1hrSrBnCZPokRrDHjw==",
      "dev": true,
      "license": "MIT"
    }
  }
}
